
Microsoft Visual Studio Solution File, Format Version 12.00
# Visual Studio 15
VisualStudioVersion = 15.0.27004.2008
MinimumVisualStudioVersion = 10.0.40219.1
Project("{FAE04EC0-301F-11D3-BF4B-00C04F79EFBC}") = "DocOrganizer", "DocOrganizer\DocOrganizer.csproj", "{95E4E621-6947-4754-AFB9-476979A5AE82}"
EndProject
Project("{FAE04EC0-301F-11D3-BF4B-00C04F79EFBC}") = "DocOrganizer.Tests", "DocOrganizer.Tests\DocOrganizer.Tests.csproj", "{BAAC29ED-5D37-4D50-A53D-6C51C405E1FB}"
EndProject
Global
	GlobalSection(SolutionConfigurationPlatforms) = preSolution
		Debug|Any CPU = Debug|Any CPU
		Release|Any CPU = Release|Any CPU
	EndGlobalSection
	GlobalSection(ProjectConfigurationPlatforms) = postSolution
		{95E4E621-6947-4754-AFB9-476979A5AE82}.Debug|Any CPU.ActiveCfg = Debug|Any CPU
		{95E4E621-6947-4754-AFB9-476979A5AE82}.Debug|Any CPU.Build.0 = Debug|Any CPU
		{95E4E621-6947-4754-AFB9-476979A5AE82}.Release|Any CPU.ActiveCfg = Release|Any CPU
		{95E4E621-6947-4754-AFB9-476979A5AE82}.Release|Any CPU.Build.0 = Release|Any CPU
		{BAAC29ED-5D37-4D50-A53D-6C51C405E1FB}.Debug|Any CPU.ActiveCfg = Debug|Any CPU
		{BAAC29ED-5D37-4D50-A53D-6C51C405E1FB}.Debug|Any CPU.Build.0 = Debug|Any CPU
		{BAAC29ED-5D37-4D50-A53D-6C51C405E1FB}.Release|Any CPU.ActiveCfg = Release|Any CPU
		{BAAC29ED-5D37-4D50-A53D-6C51C405E1FB}.Release|Any CPU.Build.0 = Release|Any CPU
	EndGlobalSection
	GlobalSection(SolutionProperties) = preSolution
		HideSolutionNode = FALSE
	EndGlobalSection
	GlobalSection(ExtensibilityGlobals) = postSolution
		SolutionGuid = {A93BC7B9-34D1-4E49-9A19-0D192F9C1580}
	EndGlobalSection
EndGlobal
